
Microsoft Visual Studio Solution File, Format Version 12.00
# Visual Studio 15
VisualStudioVersion = 15.0.28307.438
MinimumVisualStudioVersion = 10.0.40219.1
Project("{FAE04EC0-301F-11D3-BF4B-00C04F79EFBC}") = "DataGridTreeDemo", "DataGridTreeDemo\DataGridTreeDemo.csproj", "{59C744E3-7B07-40D6-B605-3D06E0210DB3}"
EndProject
Global
	GlobalSection(SolutionConfigurationPlatforms) = preSolution
		Debug|Any CPU = Debug|Any CPU
		Release|Any CPU = Release|Any CPU
	EndGlobalSection
	GlobalSection(ProjectConfigurationPlatforms) = postSolution
		{59C744E3-7B07-40D6-B605-3D06E0210DB3}.Debug|Any CPU.ActiveCfg = Debug|Any CPU
		{59C744E3-7B07-40D6-B605-3D06E0210DB3}.Debug|Any CPU.Build.0 = Debug|Any CPU
		{59C744E3-7B07-40D6-B605-3D06E0210DB3}.Release|Any CPU.ActiveCfg = Release|Any CPU
		{59C744E3-7B07-40D6-B605-3D06E0210DB3}.Release|Any CPU.Build.0 = Release|Any CPU
	EndGlobalSection
	GlobalSection(SolutionProperties) = preSolution
		HideSolutionNode = FALSE
	EndGlobalSection
	GlobalSection(ExtensibilityGlobals) = postSolution
		SolutionGuid = {BEEFEA36-7183-4B90-AE49-BBE33B9825BD}
	EndGlobalSection
EndGlobal
